version = 1
revision = 3
requires-python = ">=3.11"
resolution-markers = [
    "python_full_version >= '3.12'",
    "python_full_version < '3.12'",
]

[[package]]
name = "blake3"
version = "1.0.8"
source = { registry = "https://pypi.org/simple" }
dependencies = [
    { name = "typing-extensions", marker = "python_full_version < '3.12'" },
]
sdist = { url = "https://files.pythonhosted.org/packages/75/aa/abcd75e9600987a0bc6cfe9b6b2ff3f0e2cb08c170addc6e76035b5c4cb3/blake3-1.0.8.tar.gz", hash = "sha256:513cc7f0f5a7c035812604c2c852a0c1468311345573de647e310aca4ab165ba", size = 117308, upload-time = "2025-10-14T06:47:48.83Z" }
wheels = [
    { url = "https://files.pythonhosted.org/packages/7d/e1/1df74c915fde3c48940247ad64984f40f5968191d7b5230bcc7b31402e7c/blake3-1.0.8-cp311-cp311-macosx_10_12_x86_64.whl", hash = "sha256:9a8946cb6b1d2b2096daaaa89856f39887bce2b78503fa31b78173e3a86fa281", size = 350481, upload-time = "2025-10-14T06:45:26.625Z" },
    { url = "https://files.pythonhosted.org/packages/bb/0d/7c47ae1f5f8d60783ce6234a8b31db351fc62be243006a6276284ca3d40d/blake3-1.0.8-cp311-cp311-macosx_11_0_arm64.whl", hash = "sha256:adccc3a139207e02bb7d7bb0715fe0b87069685aad5f3afff820b2f829467904", size = 328039, upload-time = "2025-10-14T06:45:32.844Z" },
    { url = "https://files.pythonhosted.org/packages/f4/0a/515209b0c282c360e249b89cd85350d97cfd55fadbb4df736c67b77b27a1/blake3-1.0.8-cp311-cp311-manylinux_2_17_aarch64.manylinux2014_aarch64.whl", hash = "sha256:7fcfe81b3ae3fb5d2e88be0d3259603ff95f0d5ed69f655c28fdaef31e49a470", size = 371092, upload-time = "2025-10-14T06:45:34.062Z" },
    { url = "https://files.pythonhosted.org/packages/a0/33/9d342a2bf5817f006bbe947335e5d387327541ea47590854947befd01251/blake3-1.0.8-cp311-cp311-manylinux_2_17_armv7l.manylinux2014_armv7l.whl", hash = "sha256:58ce8d45a5bb5326482de72ea1969a378634236186a970fef63058a5b7b8b435", size = 374859, upload-time = "2025-10-14T06:45:35.262Z" },
    { url = "https://files.pythonhosted.org/packages/5b/fc/ea4bef850a7ec9fbb383503fd3c56056dd9fa44e10c3bc61050ab7b2bac0/blake3-1.0.8-cp311-cp311-manylinux_2_17_i686.manylinux2014_i686.whl", hash = "sha256:83605dbf43f581d8b7175b7f3bfe5388bad5a7c6ac175c9c11d669da31133f4b", size = 448585, upload-time = "2025-10-14T06:45:36.542Z" },
    { url = "https://files.pythonhosted.org/packages/a5/67/167a65a4c431715407d07b1b8b1367698a3ad88e7260edb85f0c5293f08a/blake3-1.0.8-cp311-cp311-manylinux_2_17_ppc64le.manylinux2014_ppc64le.whl", hash = "sha256:3b5573b052777142b2cecc453d022c3f21aa4aba75011258410bb98f41c1a727", size = 507519, upload-time = "2025-10-14T06:45:37.814Z" },
    { url = "https://files.pythonhosted.org/packages/32/e2/0886e192d634b264c613b0fbf380745b39992b424a0effc00ef08783644e/blake3-1.0.8-cp311-cp311-manylinux_2_17_s390x.manylinux2014_s390x.whl", hash = "sha256:fe1b02ab49bfd969ef50b9f17482a2011c77536654af21807ba5c2674e0bb2a0", size = 393645, upload-time = "2025-10-14T06:45:39.146Z" },
    { url = "https://files.pythonhosted.org/packages/fc/3b/7fb2fe615448caaa5f6632b2c7551117b38ccac747a3a5769181e9751641/blake3-1.0.8-cp311-cp311-manylinux_2_17_x86_64.manylinux2014_x86_64.whl", hash = "sha256:c7780666dc6be809b49442d6d5ce06fdbe33024a87560b58471103ec17644682", size = 387640, upload-time = "2025-10-14T06:45:40.546Z" },
    { url = "https://files.pythonhosted.org/packages/bc/8c/2bfc942c6c97cb3d20f341859343bb86ee20af723fedfc886373e606079b/blake3-1.0.8-cp311-cp311-musllinux_1_1_aarch64.whl", hash = "sha256:af394b50c6aa0b1b957a99453d1ee440ef67cd2d1b5669c731647dc723de8a3a", size = 550316, upload-time = "2025-10-14T06:45:42.003Z" },
    { url = "https://files.pythonhosted.org/packages/7e/75/0252be37620699b79dbaa799c9b402d63142a131d16731df4ef09d135dd7/blake3-1.0.8-cp311-cp311-musllinux_1_1_x86_64.whl", hash = "sha256:c63ece266a43014cf29e772a82857cd8e90315ae3ed53e3c5204851596edd5f2", size = 554463, upload-time = "2025-10-14T06:45:43.22Z" },
    { url = "https://files.pythonhosted.org/packages/8c/6d/d698ae2d5ddd25976fd2c11b079ca071334aecbba6414da8c9cc8e19d833/blake3-1.0.8-cp311-cp311-win32.whl", hash = "sha256:44c2815d4616fad7e2d757d121c0a11780f70ffc817547b3059b5c7e224031a7", size = 228375, upload-time = "2025-10-14T06:45:44.425Z" },
    { url = "https://files.pythonhosted.org/packages/34/d7/33b01e27dc3542dc9ec44132684506f880cd0257b04da0bf7f4b2afa41c8/blake3-1.0.8-cp311-cp311-win_amd64.whl", hash = "sha256:8f2ef8527a7a8afd99b16997d015851ccc0fe2a409082cebb980af2554e5c74c", size = 215733, upload-time = "2025-10-14T06:45:46.049Z" },
    { url = "https://files.pythonhosted.org/packages/ed/a0/b7b6dff04012cfd6e665c09ee446f749bd8ea161b00f730fe1bdecd0f033/blake3-1.0.8-cp312-cp312-macosx_10_12_x86_64.whl", hash = "sha256:d8da4233984d51471bd4e4366feda1d90d781e712e0a504ea54b1f2b3577557b", size = 347983, upload-time = "2025-10-14T06:45:47.214Z" },
    { url = "https://files.pythonhosted.org/packages/5b/a2/264091cac31d7ae913f1f296abc20b8da578b958ffb86100a7ce80e8bf5c/blake3-1.0.8-cp312-cp312-macosx_11_0_arm64.whl", hash = "sha256:1257be19f2d381c868a34cc822fc7f12f817ddc49681b6d1a2790bfbda1a9865", size = 325415, upload-time = "2025-10-14T06:45:48.482Z" },
    { url = "https://files.pythonhosted.org/packages/ee/7d/85a4c0782f613de23d114a7a78fcce270f75b193b3ff3493a0de24ba104a/blake3-1.0.8-cp312-cp312-manylinux_2_17_aarch64.manylinux2014_aarch64.whl", hash = "sha256:269f255b110840e52b6ce9db02217e39660ebad3e34ddd5bca8b8d378a77e4e1", size = 371296, upload-time = "2025-10-14T06:45:49.674Z" },
    { url = "https://files.pythonhosted.org/packages/e3/20/488475254976ed93fab57c67aa80d3b40df77f7d9db6528c9274bff53e08/blake3-1.0.8-cp312-cp312-manylinux_2_17_armv7l.manylinux2014_armv7l.whl", hash = "sha256:66ca28a673025c40db3eba21a9cac52f559f83637efa675b3f6bd8683f0415f3", size = 374516, upload-time = "2025-10-14T06:45:51.23Z" },
    { url = "https://files.pythonhosted.org/packages/7b/21/2a1c47fedb77fb396512677ec6d46caf42ac6e9a897db77edd0a2a46f7bb/blake3-1.0.8-cp312-cp312-manylinux_2_17_i686.manylinux2014_i686.whl", hash = "sha256:bcb04966537777af56c1f399b35525aa70a1225816e121ff95071c33c0f7abca", size = 447911, upload-time = "2025-10-14T06:45:52.637Z" },
    { url = "https://files.pythonhosted.org/packages/cb/7d/db0626df16029713e7e61b67314c4835e85c296d82bd907c21c6ea271da2/blake3-1.0.8-cp312-cp312-manylinux_2_17_ppc64le.manylinux2014_ppc64le.whl", hash = "sha256:e5b5da177d62cc4b7edf0cea08fe4dec960c9ac27f916131efa890a01f747b93", size = 505420, upload-time = "2025-10-14T06:45:54.445Z" },
    { url = "https://files.pythonhosted.org/packages/5b/55/6e737850c2d58a6d9de8a76dad2ae0f75b852a23eb4ecb07a0b165e6e436/blake3-1.0.8-cp312-cp312-manylinux_2_17_s390x.manylinux2014_s390x.whl", hash = "sha256:38209b10482c97e151681ea3e91cc7141f56adbbf4820a7d701a923124b41e6a", size = 394189, upload-time = "2025-10-14T06:45:55.719Z" },
    { url = "https://files.pythonhosted.org/packages/5b/94/eafaa5cdddadc0c9c603a6a6d8339433475e1a9f60c8bb9c2eed2d8736b6/blake3-1.0.8-cp312-cp312-manylinux_2_17_x86_64.manylinux2014_x86_64.whl", hash = "sha256:504d1399b7fb91dfe5c25722d2807990493185faa1917456455480c36867adb5", size = 388001, upload-time = "2025-10-14T06:45:57.067Z" },
    { url = "https://files.pythonhosted.org/packages/17/81/735fa00d13de7f68b25e1b9cb36ff08c6f165e688d85d8ec2cbfcdedccc5/blake3-1.0.8-cp312-cp312-musllinux_1_1_aarch64.whl", hash = "sha256:c84af132aa09abeadf9a0118c8fb26f4528f3f42c10ef8be0fcf31c478774ec4", size = 550302, upload-time = "2025-10-14T06:45:58.657Z" },
    { url = "https://files.pythonhosted.org/packages/0e/c6/d1fe8bdea4a6088bd54b5a58bc40aed89a4e784cd796af7722a06f74bae7/blake3-1.0.8-cp312-cp312-musllinux_1_1_x86_64.whl", hash = "sha256:a25db3d36b55f5ed6a86470155cc749fc9c5b91c949b8d14f48658f9d960d9ec", size = 554211, upload-time = "2025-10-14T06:46:00.269Z" },
    { url = "https://files.pythonhosted.org/packages/55/d1/ca74aa450cbe10e396e061f26f7a043891ffa1485537d6b30d3757e20995/blake3-1.0.8-cp312-cp312-win32.whl", hash = "sha256:e0fee93d5adcd44378b008c147e84f181f23715307a64f7b3db432394bbfce8b", size = 228343, upload-time = "2025-10-14T06:46:01.533Z" },
    { url = "https://files.pythonhosted.org/packages/4d/42/bbd02647169e3fbed27558555653ac2578c6f17ccacf7d1956c58ef1d214/blake3-1.0.8-cp312-cp312-win_amd64.whl", hash = "sha256:6a6eafc29e4f478d365a87d2f25782a521870c8514bb43734ac85ae9be71caf7", size = 215704, upload-time = "2025-10-14T06:46:02.79Z" },
    { url = "https://files.pythonhosted.org/packages/55/b8/11de9528c257f7f1633f957ccaff253b706838d22c5d2908e4735798ec01/blake3-1.0.8-cp313-cp313-macosx_10_12_x86_64.whl", hash = "sha256:46dc20976bd6c235959ef0246ec73420d1063c3da2839a9c87ca395cf1fd7943", size = 347771, upload-time = "2025-10-14T06:46:04.248Z" },
    { url = "https://files.pythonhosted.org/packages/50/26/f7668be55c909678b001ecacff11ad7016cd9b4e9c7cc87b5971d638c5a9/blake3-1.0.8-cp313-cp313-macosx_11_0_arm64.whl", hash = "sha256:d17eb6382634b3a5bc0c0e0454d5265b0becaeeadb6801ed25150b39a999d0cc", size = 325431, upload-time = "2025-10-14T06:46:06.136Z" },
    { url = "https://files.pythonhosted.org/packages/77/57/e8a85fa261894bf7ce7af928ff3408aab60287ab8d58b55d13a3f700b619/blake3-1.0.8-cp313-cp313-manylinux_2_17_aarch64.manylinux2014_aarch64.whl", hash = "sha256:19fc6f2b7edab8acff6895fc6e38c19bd79f4c089e21153020c75dfc7397d52d", size = 370994, upload-time = "2025-10-14T06:46:07.398Z" },
    { url = "https://files.pythonhosted.org/packages/62/cd/765b76bb48b8b294fea94c9008b0d82b4cfa0fa2f3c6008d840d01a597e4/blake3-1.0.8-cp313-cp313-manylinux_2_17_armv7l.manylinux2014_armv7l.whl", hash = "sha256:4f54cff7f15d91dc78a63a2dd02a3dccdc932946f271e2adb4130e0b4cf608ba", size = 374372, upload-time = "2025-10-14T06:46:08.698Z" },
    { url = "https://files.pythonhosted.org/packages/36/7a/32084eadbb28592bb07298f0de316d2da586c62f31500a6b1339a7e7b29b/blake3-1.0.8-cp313-cp313-manylinux_2_17_i686.manylinux2014_i686.whl", hash = "sha256:e7e12a777f6b798eb8d06f875d6e108e3008bd658d274d8c676dcf98e0f10537", size = 447627, upload-time = "2025-10-14T06:46:10.002Z" },
    { url = "https://files.pythonhosted.org/packages/a7/f4/3788a1d86e17425eea147e28d7195d7053565fc279236a9fd278c2ec495e/blake3-1.0.8-cp313-cp313-manylinux_2_17_ppc64le.manylinux2014_ppc64le.whl", hash = "sha256:ddfc59b0176fb31168f08d5dd536e69b1f4f13b5a0f4b0c3be1003efd47f9308", size = 507536, upload-time = "2025-10-14T06:46:11.614Z" },
    { url = "https://files.pythonhosted.org/packages/fe/01/4639cba48513b94192681b4da472cdec843d3001c5344d7051ee5eaef606/blake3-1.0.8-cp313-cp313-manylinux_2_17_s390x.manylinux2014_s390x.whl", hash = "sha256:a2336d5b2a801a7256da21150348f41610a6c21dae885a3acb1ebbd7333d88d8", size = 394105, upload-time = "2025-10-14T06:46:12.808Z" },
    { url = "https://files.pythonhosted.org/packages/21/ae/6e55c19c8460fada86cd1306a390a09b0c5a2e2e424f9317d2edacea439f/blake3-1.0.8-cp313-cp313-manylinux_2_17_x86_64.manylinux2014_x86_64.whl", hash = "sha256:e4072196547484c95a5a09adbb952e9bb501949f03f9e2a85e7249ef85faaba8", size = 386928, upload-time = "2025-10-14T06:46:16.284Z" },
    { url = "https://files.pythonhosted.org/packages/ee/6c/05b7a5a907df1be53a8f19e7828986fc6b608a44119641ef9c0804fbef15/blake3-1.0.8-cp313-cp313-musllinux_1_1_aarch64.whl", hash = "sha256:0eab3318ec02f8e16fe549244791ace2ada2c259332f0c77ab22cf94dfff7130", size = 550003, upload-time = "2025-10-14T06:46:17.791Z" },
    { url = "https://files.pythonhosted.org/packages/b4/03/f0ea4adfedc1717623be6460b3710fcb725ca38082c14274369803f727e1/blake3-1.0.8-cp313-cp313-musllinux_1_1_x86_64.whl", hash = "sha256:a33b9a1fb6d1d559a8e0d04b041e99419a6bb771311c774f6ff57ed7119c70ed", size = 553857, upload-time = "2025-10-14T06:46:19.088Z" },
    { url = "https://files.pythonhosted.org/packages/cc/6f/e5410d2e2a30c8aba8389ffc1c0061356916bf5ecd0a210344e7b69b62ab/blake3-1.0.8-cp313-cp313-win32.whl", hash = "sha256:e171b169cb7ea618e362a4dddb7a4d4c173bbc08b9ba41ea3086dd1265530d4f", size = 228315, upload-time = "2025-10-14T06:46:20.391Z" },
    { url = "https://files.pythonhosted.org/packages/79/ef/d9c297956dfecd893f29f59e7b22445aba5b47b7f6815d9ba5dcd73fcae6/blake3-1.0.8-cp313-cp313-win_amd64.whl", hash = "sha256:3168c457255b5d2a2fc356ba696996fcaff5d38284f968210d54376312107662", size = 215477, upload-time = "2025-10-14T06:46:21.542Z" },
    { url = "https://files.pythonhosted.org/packages/20/ba/eaa7723d66dd8ab762a3e85e139bb9c46167b751df6e950ad287adb8fb61/blake3-1.0.8-cp313-cp313t-macosx_10_12_x86_64.whl", hash = "sha256:b4d672c24dc15ec617d212a338a4ca14b449829b6072d09c96c63b6e6b621aed", size = 347289, upload-time = "2025-10-14T06:46:22.772Z" },
    { url = "https://files.pythonhosted.org/packages/47/b3/6957f6ee27f0d5b8c4efdfda68a1298926a88c099f4dd89c711049d16526/blake3-1.0.8-cp313-cp313t-macosx_11_0_arm64.whl", hash = "sha256:1af0e5a29aa56d4fba904452ae784740997440afd477a15e583c38338e641f41", size = 324444, upload-time = "2025-10-14T06:46:24.729Z" },
    { url = "https://files.pythonhosted.org/packages/13/da/722cebca11238f3b24d3cefd2361c9c9ea47cfa0ad9288eeb4d1e0b7cf93/blake3-1.0.8-cp313-cp313t-manylinux_2_17_aarch64.manylinux2014_aarch64.whl", hash = "sha256:ef153c5860d5bf1cc71aece69b28097d2a392913eb323d6b52555c875d0439fc", size = 370441, upload-time = "2025-10-14T06:46:26.29Z" },
    { url = "https://files.pythonhosted.org/packages/2e/d5/2f7440c8e41c0af995bad3a159e042af0f4ed1994710af5b4766ca918f65/blake3-1.0.8-cp313-cp313t-manylinux_2_17_armv7l.manylinux2014_armv7l.whl", hash = "sha256:e8ae3689f0c7bfa6ce6ae45cab110e4c3442125c4c23b28f1f097856de26e4d1", size = 374312, upload-time = "2025-10-14T06:46:27.451Z" },
    { url = "https://files.pythonhosted.org/packages/a6/6c/fb6a7812e60ce3e110bcbbb11f167caf3e975c589572c41e1271f35f2c41/blake3-1.0.8-cp313-cp313t-manylinux_2_17_i686.manylinux2014_i686.whl", hash = "sha256:3fb83532f7456ddeb68dae1b36e1f7c52f9cb72852ac01159bbcb1a12b0f8be0", size = 447007, upload-time = "2025-10-14T06:46:29.056Z" },
    { url = "https://files.pythonhosted.org/packages/13/3b/c99b43fae5047276ea9d944077c190fc1e5f22f57528b9794e21f7adedc6/blake3-1.0.8-cp313-cp313t-manylinux_2_17_ppc64le.manylinux2014_ppc64le.whl", hash = "sha256:6ae7754c7d96e92a70a52e07c732d594cf9924d780f49fffd3a1e9235e0f5ba7", size = 507323, upload-time = "2025-10-14T06:46:30.661Z" },
    { url = "https://files.pythonhosted.org/packages/fc/bb/ba90eddd592f8c074a0694cb0a744b6bd76bfe67a14c2b490c8bdfca3119/blake3-1.0.8-cp313-cp313t-manylinux_2_17_s390x.manylinux2014_s390x.whl", hash = "sha256:4bacaae75e98dee3b7da6c5ee3b81ee21a3352dd2477d6f1d1dbfd38cdbf158a", size = 393449, upload-time = "2025-10-14T06:46:31.805Z" },
    { url = "https://files.pythonhosted.org/packages/25/ed/58a2acd0b9e14459cdaef4344db414d4a36e329b9720921b442a454dd443/blake3-1.0.8-cp313-cp313t-manylinux_2_17_x86_64.manylinux2014_x86_64.whl", hash = "sha256:9456c829601d72852d8ba0af8dae0610f7def1d59f5942efde1e2ef93e8a8b57", size = 386844, upload-time = "2025-10-14T06:46:33.195Z" },
    { url = "https://files.pythonhosted.org/packages/4a/04/fed09845b18d90862100c8e48308261e2f663aab25d3c71a6a0bdda6618b/blake3-1.0.8-cp313-cp313t-musllinux_1_1_aarch64.whl", hash = "sha256:497ef8096ec4ac1ffba9a66152cee3992337cebf8ea434331d8fd9ce5423d227", size = 549550, upload-time = "2025-10-14T06:46:35.23Z" },
    { url = "https://files.pythonhosted.org/packages/d6/65/1859fddfabc1cc72548c2269d988819aad96d854e25eae00531517925901/blake3-1.0.8-cp313-cp313t-musllinux_1_1_x86_64.whl", hash = "sha256:511133bab85ff60ed143424ce484d08c60894ff7323f685d7a6095f43f0c85c3", size = 553805, upload-time = "2025-10-14T06:46:36.532Z" },
    { url = "https://files.pythonhosted.org/packages/c1/c7/2969352017f62378e388bb07bb2191bc9a953f818dc1cd6b9dd5c24916e1/blake3-1.0.8-cp313-cp313t-win32.whl", hash = "sha256:9c9fbdacfdeb68f7ca53bb5a7a5a593ec996eaf21155ad5b08d35e6f97e60877", size = 228068, upload-time = "2025-10-14T06:46:37.826Z" },
    { url = "https://files.pythonhosted.org/packages/d8/fc/923e25ac9cadfff1cd20038bcc0854d0f98061eb6bc78e42c43615f5982d/blake3-1.0.8-cp313-cp313t-win_amd64.whl", hash = "sha256:3cec94ed5676821cf371e9c9d25a41b4f3ebdb5724719b31b2749653b7cc1dfa", size = 215369, upload-time = "2025-10-14T06:46:39.054Z" },
    { url = "https://files.pythonhosted.org/packages/2e/2a/9f13ea01b03b1b4751a1cc2b6c1ef4b782e19433a59cf35b59cafb2a2696/blake3-1.0.8-cp314-cp314-macosx_10_12_x86_64.whl", hash = "sha256:2c33dac2c6112bc23f961a7ca305c7e34702c8177040eb98d0389d13a347b9e1", size = 347016, upload-time = "2025-10-14T06:46:40.318Z" },
    { url = "https://files.pythonhosted.org/packages/06/8e/8458c4285fbc5de76414f243e4e0fcab795d71a8b75324e14959aee699da/blake3-1.0.8-cp314-cp314-macosx_11_0_arm64.whl", hash = "sha256:c445eff665d21c3b3b44f864f849a2225b1164c08654beb23224a02f087b7ff1", size = 324496, upload-time = "2025-10-14T06:46:42.355Z" },
    { url = "https://files.pythonhosted.org/packages/49/fa/b913eb9cc4af708c03e01e6b88a8bb3a74833ba4ae4b16b87e2829198e06/blake3-1.0.8-cp314-cp314-manylinux_2_17_aarch64.manylinux2014_aarch64.whl", hash = "sha256:a47939f04b89c5c6ff1e51e883e5efab1ea1bf01a02f4d208d216dddd63d0dd8", size = 370654, upload-time = "2025-10-14T06:46:43.907Z" },
    { url = "https://files.pythonhosted.org/packages/7f/4f/245e0800c33b99c8f2b570d9a7199b51803694913ee4897f339648502933/blake3-1.0.8-cp314-cp314-manylinux_2_17_armv7l.manylinux2014_armv7l.whl", hash = "sha256:73e0b4fa25f6e3078526a592fb38fca85ef204fd02eced6731e1cdd9396552d4", size = 374693, upload-time = "2025-10-14T06:46:45.186Z" },
    { url = "https://files.pythonhosted.org/packages/a2/a6/8cb182c8e482071dbdfcc6ec0048271fd48bcb78782d346119ff54993700/blake3-1.0.8-cp314-cp314-manylinux_2_17_i686.manylinux2014_i686.whl", hash = "sha256:4b0543c57eb9d6dac9d4bced63e9f7f7b546886ac04cec8da3c3d9c8f30cbbb7", size = 447673, upload-time = "2025-10-14T06:46:46.358Z" },
    { url = "https://files.pythonhosted.org/packages/06/b7/1cbbb5574d2a9436d1b15e7eb5b9d82e178adcaca71a97b0fddaca4bfe3a/blake3-1.0.8-cp314-cp314-manylinux_2_17_ppc64le.manylinux2014_ppc64le.whl", hash = "sha256:ed972ebd553c0c25363459e9fc71a38c045d8419e365b59acd8cd791eff13981", size = 507233, upload-time = "2025-10-14T06:46:48.109Z" },
    { url = "https://files.pythonhosted.org/packages/9c/45/b55825d90af353b3e26c653bab278da9d6563afcf66736677f9397e465be/blake3-1.0.8-cp314-cp314-manylinux_2_17_s390x.manylinux2014_s390x.whl", hash = "sha256:3bafdec95dfffa3f6571e529644744e280337df15ddd9728f224ba70c5779b23", size = 393852, upload-time = "2025-10-14T06:46:49.511Z" },
    { url = "https://files.pythonhosted.org/packages/34/73/9058a1a457dd20491d1b37de53d6876eff125e1520d9b2dd7d0acbc88de2/blake3-1.0.8-cp314-cp314-manylinux_2_17_x86_64.manylinux2014_x86_64.whl", hash = "sha256:2d78f06f3fb838b34c330e2987090376145cbe5944d8608a0c4779c779618f7b", size = 386442, upload-time = "2025-10-14T06:46:51.205Z" },
    { url = "https://files.pythonhosted.org/packages/30/6d/561d537ffc17985e276e08bf4513f1c106f1fdbef571e782604dc4e44070/blake3-1.0.8-cp314-cp314-musllinux_1_1_aarch64.whl", hash = "sha256:dd03ff08d1b6e4fdda1cd03826f971ae8966ef6f683a8c68aa27fb21904b5aa9", size = 549929, upload-time = "2025-10-14T06:46:52.494Z" },
    { url = "https://files.pythonhosted.org/packages/03/2f/dbe20d2c57f1a67c63be4ba310bcebc707b945c902a0bde075d2a8f5cd5c/blake3-1.0.8-cp314-cp314-musllinux_1_1_x86_64.whl", hash = "sha256:4e02a3c499e35bf51fc15b2738aca1a76410804c877bcd914752cac4f71f052a", size = 553750, upload-time = "2025-10-14T06:46:54.194Z" },
    { url = "https://files.pythonhosted.org/packages/6b/da/c6cb712663c869b2814870c2798e57289c4268c5ac5fb12d467fce244860/blake3-1.0.8-cp314-cp314-win32.whl", hash = "sha256:a585357d5d8774aad9ffc12435de457f9e35cde55e0dc8bc43ab590a6929e59f", size = 228404, upload-time = "2025-10-14T06:46:56.807Z" },
    { url = "https://files.pythonhosted.org/packages/dc/b6/c7dcd8bc3094bba1c4274e432f9e77a7df703532ca000eaa550bd066b870/blake3-1.0.8-cp314-cp314-win_amd64.whl", hash = "sha256:9ab5998e2abd9754819753bc2f1cf3edf82d95402bff46aeef45ed392a5468bf", size = 215460, upload-time = "2025-10-14T06:46:58.15Z" },
    { url = "https://files.pythonhosted.org/packages/75/3c/6c8afd856c353176836daa5cc33a7989e8f54569e9d53eb1c53fc8f80c34/blake3-1.0.8-cp314-cp314t-macosx_10_12_x86_64.whl", hash = "sha256:e2df12f295f95a804338bd300e8fad4a6f54fd49bd4d9c5893855a230b5188a8", size = 347482, upload-time = "2025-10-14T06:47:00.189Z" },
    { url = "https://files.pythonhosted.org/packages/6a/35/92cd5501ce8e1f5cabdc0c3ac62d69fdb13ff0b60b62abbb2b6d0a53a790/blake3-1.0.8-cp314-cp314t-macosx_11_0_arm64.whl", hash = "sha256:63379be58438878eeb76ebe4f0efbeaabf42b79f2cff23b6126b7991588ced67", size = 324376, upload-time = "2025-10-14T06:47:01.413Z" },
    { url = "https://files.pythonhosted.org/packages/11/33/503b37220a3e2e31917ef13722efd00055af51c5e88ae30974c733d7ece6/blake3-1.0.8-cp314-cp314t-manylinux_2_17_aarch64.manylinux2014_aarch64.whl", hash = "sha256:88d527c247f9609dc1d45a08fd243e39f0d5300d54c57e048de24d4fa9240ebb", size = 370220, upload-time = "2025-10-14T06:47:02.573Z" },
    { url = "https://files.pythonhosted.org/packages/3e/df/fe817843adf59516c04d44387bd643b422a3b0400ea95c6ede6a49920737/blake3-1.0.8-cp314-cp314t-manylinux_2_17_armv7l.manylinux2014_armv7l.whl", hash = "sha256:506a47897a11ebe8f3cdeb52f1365d6a2f83959e98ccb0c830f8f73277d4d358", size = 373454, upload-time = "2025-10-14T06:47:03.784Z" },
    { url = "https://files.pythonhosted.org/packages/d1/4d/90a2a623575373dfc9b683f1bad1bf017feafa5a6d65d94fb09543050740/blake3-1.0.8-cp314-cp314t-manylinux_2_17_i686.manylinux2014_i686.whl", hash = "sha256:e5122a61b3b004bbbd979bdf83a3aaab432da3e2a842d7ddf1c273f2503b4884", size = 447102, upload-time = "2025-10-14T06:47:04.958Z" },
    { url = "https://files.pythonhosted.org/packages/93/ff/4e8ce314f60115c4c657b1fdbe9225b991da4f5bcc5d1c1f1d151e2f39d6/blake3-1.0.8-cp314-cp314t-manylinux_2_17_ppc64le.manylinux2014_ppc64le.whl", hash = "sha256:0171e85d56dec1219abdae5f49a0ed12cb3f86a454c29160a64fd8a8166bba37", size = 506791, upload-time = "2025-10-14T06:47:06.82Z" },
    { url = "https://files.pythonhosted.org/packages/44/88/2963a1f18aab52bdcf35379b2b48c34bbc462320c37e76960636b8602c36/blake3-1.0.8-cp314-cp314t-manylinux_2_17_s390x.manylinux2014_s390x.whl", hash = "sha256:003f61e8c41dd9931edddf1cc6a1bb680fb2ac0ad15493ef4a1df9adc59ce9df", size = 393717, upload-time = "2025-10-14T06:47:09.085Z" },
    { url = "https://files.pythonhosted.org/packages/45/d1/a848ed8e8d4e236b9b16381768c9ae99d92890c24886bb4505aa9c3d2033/blake3-1.0.8-cp314-cp314t-manylinux_2_17_x86_64.manylinux2014_x86_64.whl", hash = "sha256:d2c3151955efb09ba58cd3e1263521e15e9e3866a40d6bd3556d86fc968e8f95", size = 386150, upload-time = "2025-10-14T06:47:10.363Z" },
    { url = "https://files.pythonhosted.org/packages/96/09/e3eb5d60f97c01de23d9f434e6e1fc117efb466eaa1f6ddbbbcb62580d6e/blake3-1.0.8-cp314-cp314t-musllinux_1_1_aarch64.whl", hash = "sha256:5eb25bca3cee2e0dd746a214784fb36be6a43640c01c55b6b4e26196e72d076c", size = 549120, upload-time = "2025-10-14T06:47:11.713Z" },
    { url = "https://files.pythonhosted.org/packages/14/ad/3d9661c710febb8957dd685fdb3e5a861aa0ac918eda3031365ce45789e2/blake3-1.0.8-cp314-cp314t-musllinux_1_1_x86_64.whl", hash = "sha256:ab4e1dea4fa857944944db78e8f20d99ee2e16b2dea5a14f514fb0607753ac83", size = 553264, upload-time = "2025-10-14T06:47:13.317Z" },
    { url = "https://files.pythonhosted.org/packages/11/55/e332a5b49edf377d0690e95951cca21a00c568f6e37315f9749efee52617/blake3-1.0.8-cp314-cp314t-win32.whl", hash = "sha256:67f1bc11bf59464ef092488c707b13dd4e872db36e25c453dfb6e0c7498df9f1", size = 228116, upload-time = "2025-10-14T06:47:14.516Z" },
    { url = "https://files.pythonhosted.org/packages/b0/5c/dbd00727a3dd165d7e0e8af40e630cd7e45d77b525a3218afaff8a87358e/blake3-1.0.8-cp314-cp314t-win_amd64.whl", hash = "sha256:421b99cdf1ff2d1bf703bc56c454f4b286fce68454dd8711abbcb5a0df90c19a", size = 215133, upload-time = "2025-10-14T06:47:16.069Z" },
]

[[package]]
name = "typing-extensions"
version = "4.15.0"
source = { registry = "https://pypi.org/simple" }
sdist = { url = "https://files.pythonhosted.org/packages/72/94/1a15dd82efb362ac84269196e94cf00f187f7ed21c242792a923cdb1c61f/typing_extensions-4.15.0.tar.gz", hash = "sha256:0cea48d173cc12fa28ecabc3b837ea3cf6f38c6d1136f85cbaaf598984861466", size = 109391, upload-time = "2025-08-25T13:49:26.313Z" }
wheels = [
    { url = "https://files.pythonhosted.org/packages/18/67/36e9267722cc04a6b9f15c7f3441c2363321a3ea07da7ae0c0707beb2a9c/typing_extensions-4.15.0-py3-none-any.whl", hash = "sha256:f0fa19c6845758ab08074a0cfa8b7aecb71c999ca73d62883bc25cc018c4e548", size = 44614, upload-time = "2025-08-25T13:49:24.86Z" },
]

[[package]]
name = "velo"
version = "0.1.0"
source = { virtual = "." }
dependencies = [
    { name = "blake3" },
]

[package.metadata]
requires-dist = [{ name = "blake3", specifier = ">=1.0.8" }]
