version = 1
revision = 3
requires-python = ">=3.14"

[[package]]
name = "click"
version = "8.3.1"
source = { registry = "https://pypi.org/simple" }
dependencies = [
    { name = "colorama", marker = "sys_platform == 'win32'" },
]
sdist = { url = "https://files.pythonhosted.org/packages/3d/fa/656b739db8587d7b5dfa22e22ed02566950fbfbcdc20311993483657a5c0/click-8.3.1.tar.gz", hash = "sha256:12ff4785d337a1bb490bb7e9c2b1ee5da3112e94a8622f26a6c77f5d2fc6842a", size = 295065, upload-time = "2025-11-15T20:45:42.706Z" }
wheels = [
    { url = "https://files.pythonhosted.org/packages/98/78/01c019cdb5d6498122777c1a43056ebb3ebfeef2076d9d026bfe15583b2b/click-8.3.1-py3-none-any.whl", hash = "sha256:981153a64e25f12d547d3426c367a4857371575ee7ad18df2a6183ab0545b2a6", size = 108274, upload-time = "2025-11-15T20:45:41.139Z" },
]

[[package]]
name = "colorama"
version = "0.4.6"
source = { registry = "https://pypi.org/simple" }
sdist = { url = "https://files.pythonhosted.org/packages/d8/53/6f443c9a4a8358a93a6792e2acffb9d9d5cb0a5cfd8802644b7b1c9a02e4/colorama-0.4.6.tar.gz", hash = "sha256:08695f5cb7ed6e0531a20572697297273c47b8cae5a63ffc6d6ed5c201be6e44", size = 27697, upload-time = "2022-10-25T02:36:22.414Z" }
wheels = [
    { url = "https://files.pythonhosted.org/packages/d1/d6/3965ed04c63042e047cb6a3e6ed1a63a35087b6a609aa3a15ed8ac56c221/colorama-0.4.6-py2.py3-none-any.whl", hash = "sha256:4f1d9991f5acc0ca119f9d443620b77f9d6b33703e51011c16baf57afb285fc6", size = 25335, upload-time = "2022-10-25T02:36:20.889Z" },
]

[[package]]
name = "granian"
version = "2.6.1"
source = { registry = "https://pypi.org/simple" }
dependencies = [
    { name = "click" },
]
sdist = { url = "https://files.pythonhosted.org/packages/aa/22/93016f4f9e9115ba981f51fc17c7c369a34772f11a93043320a2a3d5c6ea/granian-2.6.1.tar.gz", hash = "sha256:d209065b12f18b6d7e78f1c16ff9444e5367dddeb41e3225c2cf024762740590", size = 115480, upload-time = "2026-01-07T11:08:55.927Z" }
wheels = [
    { url = "https://files.pythonhosted.org/packages/55/49/2a3f993a2ee5e9876811a9d5fc41f47582da9a6873b02f214271e68f539b/granian-2.6.1-cp314-cp314-macosx_10_12_x86_64.whl", hash = "sha256:021ed3abb6805be450136f73ddc15283fe83714135d4481f5c3363c12109ef43", size = 3067322, upload-time = "2026-01-07T11:08:09.136Z" },
    { url = "https://files.pythonhosted.org/packages/04/86/ad139301cc61c97ef8d8ec9a96e796350f108fa434c088ea14faa5e43e81/granian-2.6.1-cp314-cp314-macosx_11_0_arm64.whl", hash = "sha256:df10c8fb56e00fd51aaccb639a34d067ec43cfbf1241d57d93ac67f0dbebd33d", size = 2818936, upload-time = "2026-01-07T11:08:11.091Z" },
    { url = "https://files.pythonhosted.org/packages/f0/a7/5223956aed93671dd83094cb4883e6431701e07a7641382b8cde6f4328d3/granian-2.6.1-cp314-cp314-manylinux_2_24_armv7l.whl", hash = "sha256:8f0eaacf8c6f1be67b38022d9839b35040e5a23df6117a08be5fc661ca404200", size = 3319401, upload-time = "2026-01-07T11:08:12.817Z" },
    { url = "https://files.pythonhosted.org/packages/90/ab/cbd1e9d9d0419b8d55043c821ea5b431d9cd43b35928c4c9f2034f9abf34/granian-2.6.1-cp314-cp314-manylinux_2_24_i686.whl", hash = "sha256:2f987bdb76a78a78dee56e9b4e44862471dcdbc3549152e35c64b19ba09c4dd0", size = 3132180, upload-time = "2026-01-07T11:08:14.215Z" },
    { url = "https://files.pythonhosted.org/packages/c4/cb/4e4aa44e696c10a701c1366b9882561d6ba5caa2e3c00e3716a57da40c18/granian-2.6.1-cp314-cp314-manylinux_2_24_x86_64.whl", hash = "sha256:ffb814d4f9df8f04759c4c0fc1c903b607d363496e9d5fcb29596ab7f82bfae0", size = 3383751, upload-time = "2026-01-07T11:08:15.775Z" },
    { url = "https://files.pythonhosted.org/packages/72/10/f37497b41c8f2a49fbc7f17dafdb979c84084ea127e27bfe92fe28dcd229/granian-2.6.1-cp314-cp314-manylinux_2_28_aarch64.whl", hash = "sha256:450d45418116766cce8d2ef138eeea59e74d15da3759ae87af9732a8896ca3ef", size = 3239746, upload-time = "2026-01-07T11:08:17.75Z" },
    { url = "https://files.pythonhosted.org/packages/33/c5/842eb481cba2dc49374ffabb5a0ffeb8e61017da10a5084764369b1ac452/granian-2.6.1-cp314-cp314-musllinux_1_1_aarch64.whl", hash = "sha256:6e85ca2e6c83b5d70801068fbdca8acf733e12e35cee782ee94554f417971aff", size = 3311896, upload-time = "2026-01-07T11:08:19.3Z" },
    { url = "https://files.pythonhosted.org/packages/9b/6e/db253ae3ab220a394ffcd0cc7c3d7752ba20757bf37270af8f7b6813cd59/granian-2.6.1-cp314-cp314-musllinux_1_1_armv7l.whl", hash = "sha256:aa4d187fd52e2873ef714c1d8aee097d88c141ac850f5bf04dbd37b513a3d67b", size = 3480487, upload-time = "2026-01-07T11:08:21.037Z" },
    { url = "https://files.pythonhosted.org/packages/4d/1d/0a78570d2c1fcccd5df93ff18e2cf00a708a75b9e935c038d973554f5f87/granian-2.6.1-cp314-cp314-musllinux_1_1_x86_64.whl", hash = "sha256:53e2380f2b522082d5587c5dc05ad80ae0463dc751655d7cfb19d7ed3dbc48d6", size = 3509926, upload-time = "2026-01-07T11:08:23.067Z" },
    { url = "https://files.pythonhosted.org/packages/89/1d/5b00a83a02af67cc7e9f1503edb5a926a05a81d55fbc8f7a1a79a8122e71/granian-2.6.1-cp314-cp314-win_amd64.whl", hash = "sha256:079e03f0b80f4373b1b3aef5ef7a20691dfa9bf254219f58b8ac99e91e003c8b", size = 2347446, upload-time = "2026-01-07T11:08:24.445Z" },
    { url = "https://files.pythonhosted.org/packages/7c/ed/f1130abe166f5a9bb4c032bae94b4cbc1b04179703a98906493e3b329974/granian-2.6.1-cp314-cp314t-macosx_10_12_x86_64.whl", hash = "sha256:997a2a45b14e583504b920abfbcaf605d3ee9a4e7e0d3599b41f2091b388bd81", size = 3029240, upload-time = "2026-01-07T11:08:26.17Z" },
    { url = "https://files.pythonhosted.org/packages/cb/40/f5ec53011f3d91c14d6be604b02df930069cdb2dddbeb6aabda0ce265fc4/granian-2.6.1-cp314-cp314t-macosx_11_0_arm64.whl", hash = "sha256:ee9ac64109dd54ff6773a82e9dc302843079edd7d9fcca4a72d9286918ae2c03", size = 2771824, upload-time = "2026-01-07T11:08:28.267Z" },
    { url = "https://files.pythonhosted.org/packages/82/98/a75d6d3b47d0a44e7af0ee7733ea295c01fb0070a636cb93290a6075da35/granian-2.6.1-cp314-cp314t-manylinux_2_24_armv7l.whl", hash = "sha256:4a76bbfcfea1b5114bda720fd9dbc11e584e513c351c2ec399cd3e2dcb1f8fd2", size = 3313753, upload-time = "2026-01-07T11:08:30.556Z" },
    { url = "https://files.pythonhosted.org/packages/3d/33/c37f0c5dd649ff97bed0b70d36b8f02fd488d926c30b272f6d09618ccde7/granian-2.6.1-cp314-cp314t-manylinux_2_24_i686.whl", hash = "sha256:5f3c6bab1e443b2277923b0f836141584b0f56b6db74904d4436d6031118a3fa", size = 2966697, upload-time = "2026-01-07T11:08:32.52Z" },
    { url = "https://files.pythonhosted.org/packages/5a/71/92dd02f5b53d28478906fc374a91337e65efeae04be9f392bdcb4a313906/granian-2.6.1-cp314-cp314t-manylinux_2_24_x86_64.whl", hash = "sha256:bbc0cac57a8719ae0d96ee250c539872becdd941795ab4590dca49cba240c809", size = 3261860, upload-time = "2026-01-07T11:08:33.946Z" },
    { url = "https://files.pythonhosted.org/packages/e9/ca/abab95b8b3541a5e540a3b89a0b2805cdd1b064c9083cd4ada71c7d1ac76/granian-2.6.1-cp314-cp314t-manylinux_2_28_aarch64.whl", hash = "sha256:dac537c663ec9b2f1f8bd3c0c6fd0c3f749d91b4f35f918df9ea1357528360dd", size = 3111002, upload-time = "2026-01-07T11:08:35.355Z" },
    { url = "https://files.pythonhosted.org/packages/8e/3f/b872cca9f39b98aaeccf95f4c5b10fca21562c623bb3f7115de4506e9e1b/granian-2.6.1-cp314-cp314t-musllinux_1_1_aarch64.whl", hash = "sha256:9d6a3ac7234708fb2cce1fec6dd0941458c45e26b98b377b4a08d715fe9a9bd2", size = 3303389, upload-time = "2026-01-07T11:08:36.767Z" },
    { url = "https://files.pythonhosted.org/packages/5d/39/2224e99dbd2c61aed585550f5a624b653a5c90b6ea7821c7a1e1c187d4cb/granian-2.6.1-cp314-cp314t-musllinux_1_1_armv7l.whl", hash = "sha256:75bb8af9306aaceade90ec91cd9f5d4bdb5537b221b31e5a358b1eadb57279ad", size = 3475366, upload-time = "2026-01-07T11:08:38.29Z" },
    { url = "https://files.pythonhosted.org/packages/72/01/5077972a90cee7ef28c03a02b35c15d111416b25ccf8f8fda8df9972b6ce/granian-2.6.1-cp314-cp314t-musllinux_1_1_x86_64.whl", hash = "sha256:b7c1a0f24bd079bab8f6550fbb277e09c187dd5fe15e24ea3f2ace78453e5b7b", size = 3507600, upload-time = "2026-01-07T11:08:39.691Z" },
    { url = "https://files.pythonhosted.org/packages/17/09/9674065b762bde8db4e5d332c3603a881dc63de39a6d519333566bb9c34a/granian-2.6.1-cp314-cp314t-win_amd64.whl", hash = "sha256:8b1d20e8825e4eb25fb85f022dbba1f83725ce90a5f478d463dcb9ed6fccb36e", size = 2346412, upload-time = "2026-01-07T11:08:41.601Z" },
]

[[package]]
name = "h11"
version = "0.16.0"
source = { registry = "https://pypi.org/simple" }
sdist = { url = "https://files.pythonhosted.org/packages/01/ee/02a2c011bdab74c6fb3c75474d40b3052059d95df7e73351460c8588d963/h11-0.16.0.tar.gz", hash = "sha256:4e35b956cf45792e4caa5885e69fba00bdbc6ffafbfa020300e549b208ee5ff1", size = 101250, upload-time = "2025-04-24T03:35:25.427Z" }
wheels = [
    { url = "https://files.pythonhosted.org/packages/04/4b/29cac41a4d98d144bf5f6d33995617b185d14b22401f75ca86f384e87ff1/h11-0.16.0-py3-none-any.whl", hash = "sha256:63cf8bbe7522de3bf65932fda1d9c2772064ffb3dae62d55932da54b31cb6c86", size = 37515, upload-time = "2025-04-24T03:35:24.344Z" },
]

[[package]]
name = "hello-v3"
version = "0.1.0"
source = { virtual = "." }
dependencies = [
    { name = "granian" },
    { name = "uvicorn" },
]

[package.metadata]
requires-dist = [
    { name = "granian" },
    { name = "uvicorn" },
]

[[package]]
name = "uvicorn"
version = "0.40.0"
source = { registry = "https://pypi.org/simple" }
dependencies = [
    { name = "click" },
    { name = "h11" },
]
sdist = { url = "https://files.pythonhosted.org/packages/c3/d1/8f3c683c9561a4e6689dd3b1d345c815f10f86acd044ee1fb9a4dcd0b8c5/uvicorn-0.40.0.tar.gz", hash = "sha256:839676675e87e73694518b5574fd0f24c9d97b46bea16df7b8c05ea1a51071ea", size = 81761, upload-time = "2025-12-21T14:16:22.45Z" }
wheels = [
    { url = "https://files.pythonhosted.org/packages/3d/d8/2083a1daa7439a66f3a48589a57d576aa117726762618f6bb09fe3798796/uvicorn-0.40.0-py3-none-any.whl", hash = "sha256:c6c8f55bc8bf13eb6fa9ff87ad62308bbbc33d0b67f84293151efe87e0d5f2ee", size = 68502, upload-time = "2025-12-21T14:16:21.041Z" },
]
